
Microsoft Visual Studio Solution File, Format Version 12.00
# Visual Studio Version 16
VisualStudioVersion = 16.0.31727.386
MinimumVisualStudioVersion = 10.0.40219.1
Project("{FAE04EC0-301F-11D3-BF4B-00C04F79EFBC}") = "Bank", "Bank\Bank.csproj", "{AE859C7E-0B86-4333-9D0F-96B467DB7385}"
EndProject
Global
	GlobalSection(SolutionConfigurationPlatforms) = preSolution
		Debug|Any CPU = Debug|Any CPU
		Release|Any CPU = Release|Any CPU
	EndGlobalSection
	GlobalSection(ProjectConfigurationPlatforms) = postSolution
		{AE859C7E-0B86-4333-9D0F-96B467DB7385}.Debug|Any CPU.ActiveCfg = Debug|Any CPU
		{AE859C7E-0B86-4333-9D0F-96B467DB7385}.Debug|Any CPU.Build.0 = Debug|Any CPU
		{AE859C7E-0B86-4333-9D0F-96B467DB7385}.Release|Any CPU.ActiveCfg = Release|Any CPU
		{AE859C7E-0B86-4333-9D0F-96B467DB7385}.Release|Any CPU.Build.0 = Release|Any CPU
	EndGlobalSection
	GlobalSection(SolutionProperties) = preSolution
		HideSolutionNode = FALSE
	EndGlobalSection
	GlobalSection(ExtensibilityGlobals) = postSolution
		SolutionGuid = {CA3D1514-D7CB-43F1-9A67-7CBE3B3DD92E}
	EndGlobalSection
EndGlobal
