
Microsoft Visual Studio Solution File, Format Version 12.00
# Visual Studio Version 16
VisualStudioVersion = 16.0.32106.194
MinimumVisualStudioVersion = 10.0.40219.1
Project("{FAE04EC0-301F-11D3-BF4B-00C04F79EFBC}") = "HW6", "HW6\HW6.csproj", "{8E428EC9-4DEB-4617-8BDA-F0B75378DEA4}"
EndProject
Global
	GlobalSection(SolutionConfigurationPlatforms) = preSolution
		Debug|Any CPU = Debug|Any CPU
		Release|Any CPU = Release|Any CPU
	EndGlobalSection
	GlobalSection(ProjectConfigurationPlatforms) = postSolution
		{8E428EC9-4DEB-4617-8BDA-F0B75378DEA4}.Debug|Any CPU.ActiveCfg = Debug|Any CPU
		{8E428EC9-4DEB-4617-8BDA-F0B75378DEA4}.Debug|Any CPU.Build.0 = Debug|Any CPU
		{8E428EC9-4DEB-4617-8BDA-F0B75378DEA4}.Release|Any CPU.ActiveCfg = Release|Any CPU
		{8E428EC9-4DEB-4617-8BDA-F0B75378DEA4}.Release|Any CPU.Build.0 = Release|Any CPU
	EndGlobalSection
	GlobalSection(SolutionProperties) = preSolution
		HideSolutionNode = FALSE
	EndGlobalSection
	GlobalSection(ExtensibilityGlobals) = postSolution
		SolutionGuid = {63241DEC-9F83-4836-8116-68C3B2843574}
	EndGlobalSection
EndGlobal
